PODS:
  - SVProgressHUD (2.3.1):
    - SVProgressHUD/Core (= 2.3.1)
  - SVProgressHUD/Core (2.3.1)

DEPENDENCIES:
  - SVProgressHUD

SPEC REPOS:
  trunk:
    - SVProgressHUD

SPEC CHECKSUMS:
  SVProgressHUD: 4837c74bdfe2e51e8821c397825996a8d7de6e22

PODFILE CHECKSUM: 12a7dd2965f18da5902d7be203fd9a65384753ed

COCOAPODS: 1.16.2
